// !$*UTF8*$!
{
	archiveVersion = 1;
	classes = {
	};
	objectVersion = 46;
	objects = {

/* Begin PBXBuildFile section */
		23123E6A1CCE034E00516693 /* FPersistency.framework in Frameworks */ = {isa = PBXBuildFile; fileRef = 23123E691CCE034E00516693 /* FPersistency.framework */; };
		23123E6B1CCE034E00516693 /* FPersistency.framework in Embed Frameworks */ = {isa = PBXBuildFile; fileRef = 23123E691CCE034E00516693 /* FPersistency.framework */; settings = {ATTRIBUTES = (CodeSignOnCopy, RemoveHeadersOnCopy, ); }; };
		23123E6D1CCE036D00516693 /* FDesign.framework in Frameworks */ = {isa = PBXBuildFile; fileRef = 23123E6C1CCE036D00516693 /* FDesign.framework */; };
		23123E6E1CCE036D00516693 /* FDesign.framework in Embed Frameworks */ = {isa = PBXBuildFile; fileRef = 23123E6C1CCE036D00516693 /* FDesign.framework */; settings = {ATTRIBUTES = (CodeSignOnCopy, RemoveHeadersOnCopy, ); }; };
		23123E701CCE036D00516693 /* FCore.framework in Frameworks */ = {isa = PBXBuildFile; fileRef = 23123E6F1CCE036D00516693 /* FCore.framework */; };
		23123E711CCE036D00516693 /* FCore.framework in Embed Frameworks */ = {isa = PBXBuildFile; fileRef = 23123E6F1CCE036D00516693 /* FCore.framework */; settings = {ATTRIBUTES = (CodeSignOnCopy, RemoveHeadersOnCopy, ); }; };
		23123E731CCE036D00516693 /* FNetworking.framework in Frameworks */ = {isa = PBXBuildFile; fileRef = 23123E721CCE036D00516693 /* FNetworking.framework */; };
		23123E741CCE036D00516693 /* FNetworking.framework in Embed Frameworks */ = {isa = PBXBuildFile; fileRef = 23123E721CCE036D00516693 /* FNetworking.framework */; settings = {ATTRIBUTES = (CodeSignOnCopy, RemoveHeadersOnCopy, ); }; };
		2396F3BE1CC49E2400F7373A /* AppDelegate.swift in Sources */ = {isa = PBXBuildFile; fileRef = 2396F3BD1CC49E2400F7373A /* AppDelegate.swift */; };
		2396F3C01CC49E2400F7373A /* ViewController.swift in Sources */ = {isa = PBXBuildFile; fileRef = 2396F3BF1CC49E2400F7373A /* ViewController.swift */; };
		2396F3C31CC49E2400F7373A /* Main.storyboard in Resources */ = {isa = PBXBuildFile; fileRef = 2396F3C11CC49E2400F7373A /* Main.storyboard */; };
		2396F3C51CC49E2400F7373A /* Assets.xcassets in Resources */ = {isa = PBXBuildFile; fileRef = 2396F3C41CC49E2400F7373A /* Assets.xcassets */; };
		2396F3C81CC49E2400F7373A /* LaunchScreen.storyboard in Resources */ = {isa = PBXBuildFile; fileRef = 2396F3C61CC49E2400F7373A /* LaunchScreen.storyboard */; };
		2396F3D31CC49E2400F7373A /* iOSTests.swift in Sources */ = {isa = PBXBuildFile; fileRef = 2396F3D21CC49E2400F7373A /* iOSTests.swift */; };
/* End PBXBuildFile section */

/* Begin PBXContainerItemProxy section */
		2396F3CF1CC49E2400F7373A /* PBXContainerItemProxy */ = {
			isa = PBXContainerItemProxy;
			containerPortal = 2396F3B21CC49E2300F7373A /* Project object */;
			proxyType = 1;
			remoteGlobalIDString = 2396F3B91CC49E2300F7373A;
			remoteInfo = iOS;
		};
/* End PBXContainerItemProxy section */

/* Begin PBXCopyFilesBuildPhase section */
		23123E541CCE017400516693 /* Embed Frameworks */ = {
			isa = PBXCopyFilesBuildPhase;
			buildActionMask = 2147483647;
			dstPath = "";
			dstSubfolderSpec = 10;
			files = (
				23123E6B1CCE034E00516693 /* FPersistency.framework in Embed Frameworks */,
				23123E6E1CCE036D00516693 /* FDesign.framework in Embed Frameworks */,
				23123E711CCE036D00516693 /* FCore.framework in Embed Frameworks */,
				23123E741CCE036D00516693 /* FNetworking.framework in Embed Frameworks */,
			);
			name = "Embed Frameworks";
			runOnlyForDeploymentPostprocessing = 0;
		};
/* End PBXCopyFilesBuildPhase section */

/* Begin PBXFileReference section */
		23123E691CCE034E00516693 /* FPersistency.framework */ = {isa = PBXFileReference; explicitFileType = wrapper.framework; path = FPersistency.framework; sourceTree = BUILT_PRODUCTS_DIR; };
		23123E6C1CCE036D00516693 /* FDesign.framework */ = {isa = PBXFileReference; explicitFileType = wrapper.framework; path = FDesign.framework; sourceTree = BUILT_PRODUCTS_DIR; };
		23123E6F1CCE036D00516693 /* FCore.framework */ = {isa = PBXFileReference; explicitFileType = wrapper.framework; path = FCore.framework; sourceTree = BUILT_PRODUCTS_DIR; };
		23123E721CCE036D00516693 /* FNetworking.framework */ = {isa = PBXFileReference; explicitFileType = wrapper.framework; path = FNetworking.framework; sourceTree = BUILT_PRODUCTS_DIR; };
		2396F3BA1CC49E2400F7373A /* iOS.app */ = {isa = PBXFileReference; explicitFileType = wrapper.application; includeInIndex = 0; path = iOS.app; sourceTree = BUILT_PRODUCTS_DIR; };
		2396F3BD1CC49E2400F7373A /* AppDelegate.swift */ = {isa = PBXFileReference; lastKnownFileType = sourcecode.swift; path = AppDelegate.swift; sourceTree = "<group>"; };
		2396F3BF1CC49E2400F7373A /* ViewController.swift */ = {isa = PBXFileReference; lastKnownFileType = sourcecode.swift; path = ViewController.swift; sourceTree = "<group>"; };
		2396F3C21CC49E2400F7373A /* Base */ = {isa = PBXFileReference; lastKnownFileType = file.storyboard; name = Base; path = Base.lproj/Main.storyboard; sourceTree = "<group>"; };
		2396F3C41CC49E2400F7373A /* Assets.xcassets */ = {isa = PBXFileReference; lastKnownFileType = folder.assetcatalog; path = Assets.xcassets; sourceTree = "<group>"; };
		2396F3C71CC49E2400F7373A /* Base */ = {isa = PBXFileReference; lastKnownFileType = file.storyboard; name = Base; path = Base.lproj/LaunchScreen.storyboard; sourceTree = "<group>"; };
		2396F3C91CC49E2400F7373A /* Info.plist */ = {isa = PBXFileReference; lastKnownFileType = text.plist.xml; path = Info.plist; sourceTree = "<group>"; };
		2396F3CE1CC49E2400F7373A /* iOSTests.xctest */ = {isa = PBXFileReference; explicitFileType = wrapper.cfbundle; includeInIndex = 0; path = iOSTests.xctest; sourceTree = BUILT_PRODUCTS_DIR; };
		2396F3D21CC49E2400F7373A /* iOSTests.swift */ = {isa = PBXFileReference; lastKnownFileType = sourcecode.swift; path = iOSTests.swift; sourceTree = "<group>"; };
		2396F3D41CC49E2400F7373A /* Info.plist */ = {isa = PBXFileReference; lastKnownFileType = text.plist.xml; path = Info.plist; sourceTree = "<group>"; };
/* End PBXFileReference section */

/* Begin PBXFrameworksBuildPhase section */
		2396F3B71CC49E2300F7373A /* Frameworks */ = {
			isa = PBXFrameworksBuildPhase;
			buildActionMask = 2147483647;
			files = (
				23123E6A1CCE034E00516693 /* FPersistency.framework in Frameworks */,
				23123E6D1CCE036D00516693 /* FDesign.framework in Frameworks */,
				23123E701CCE036D00516693 /* FCore.framework in Frameworks */,
				23123E731CCE036D00516693 /* FNetworking.framework in Frameworks */,
			);
			runOnlyForDeploymentPostprocessing = 0;
		};
		2396F3CB1CC49E2400F7373A /* Frameworks */ = {
			isa = PBXFrameworksBuildPhase;
			buildActionMask = 2147483647;
			files = (
			);
			runOnlyForDeploymentPostprocessing = 0;
		};
/* End PBXFrameworksBuildPhase section */

/* Begin PBXGroup section */
		2396F3B11CC49E2300F7373A = {
			isa = PBXGroup;
			children = (
				23BE48CD1CCDF432003022F4 /* Frameworks */,
				2396F3BC1CC49E2400F7373A /* iOS */,
				2396F3D11CC49E2400F7373A /* iOSTests */,
				2396F3BB1CC49E2400F7373A /* Products */,
			);
			sourceTree = "<group>";
		};
		2396F3BB1CC49E2400F7373A /* Products */ = {
			isa = PBXGroup;
			children = (
				2396F3BA1CC49E2400F7373A /* iOS.app */,
				2396F3CE1CC49E2400F7373A /* iOSTests.xctest */,
			);
			name = Products;
			sourceTree = "<group>";
		};
		2396F3BC1CC49E2400F7373A /* iOS */ = {
			isa = PBXGroup;
			children = (
				2396F3BD1CC49E2400F7373A /* AppDelegate.swift */,
				2396F3BF1CC49E2400F7373A /* ViewController.swift */,
				2396F3C11CC49E2400F7373A /* Main.storyboard */,
				2396F3C41CC49E2400F7373A /* Assets.xcassets */,
				2396F3C61CC49E2400F7373A /* LaunchScreen.storyboard */,
				2396F3C91CC49E2400F7373A /* Info.plist */,
			);
			path = iOS;
			sourceTree = "<group>";
		};
		2396F3D11CC49E2400F7373A /* iOSTests */ = {
			isa = PBXGroup;
			children = (
				2396F3D21CC49E2400F7373A /* iOSTests.swift */,
				2396F3D41CC49E2400F7373A /* Info.plist */,
			);
			path = iOSTests;
			sourceTree = "<group>";
		};
		23BE48CD1CCDF432003022F4 /* Frameworks */ = {
			isa = PBXGroup;
			children = (
				23123E721CCE036D00516693 /* FNetworking.framework */,
				23123E6F1CCE036D00516693 /* FCore.framework */,
				23123E6C1CCE036D00516693 /* FDesign.framework */,
				23123E691CCE034E00516693 /* FPersistency.framework */,
			);
			name = Frameworks;
			sourceTree = "<group>";
		};
/* End PBXGroup section */

/* Begin PBXNativeTarget section */
		2396F3B91CC49E2300F7373A /* iOS */ = {
			isa = PBXNativeTarget;
			buildConfigurationList = 2396F3D71CC49E2400F7373A /* Build configuration list for PBXNativeTarget "iOS" */;
			buildPhases = (
				2396F3B61CC49E2300F7373A /* Sources */,
				2396F3B71CC49E2300F7373A /* Frameworks */,
				2396F3B81CC49E2300F7373A /* Resources */,
				23123E541CCE017400516693 /* Embed Frameworks */,
			);
			buildRules = (
			);
			dependencies = (
			);
			name = iOS;
			productName = iOS;
			productReference = 2396F3BA1CC49E2400F7373A /* iOS.app */;
			productType = "com.apple.product-type.application";
		};
		2396F3CD1CC49E2400F7373A /* iOSTests */ = {
			isa = PBXNativeTarget;
			buildConfigurationList = 2396F3DA1CC49E2400F7373A /* Build configuration list for PBXNativeTarget "iOSTests" */;
			buildPhases = (
				2396F3CA1CC49E2400F7373A /* Sources */,
				2396F3CB1CC49E2400F7373A /* Frameworks */,
				2396F3CC1CC49E2400F7373A /* Resources */,
			);
			buildRules = (
			);
			dependencies = (
				2396F3D01CC49E2400F7373A /* PBXTargetDependency */,
			);
			name = iOSTests;
			productName = iOSTests;
			productReference = 2396F3CE1CC49E2400F7373A /* iOSTests.xctest */;
			productType = "com.apple.product-type.bundle.unit-test";
		};
/* End PBXNativeTarget section */

/* Begin PBXProject section */
		2396F3B21CC49E2300F7373A /* Project object */ = {
			isa = PBXProject;
			attributes = {
				LastSwiftUpdateCheck = 0730;
				LastUpgradeCheck = 0730;
				ORGANIZATIONNAME = com.fop;
				TargetAttributes = {
					2396F3B91CC49E2300F7373A = {
						CreatedOnToolsVersion = 7.3;
					};
					2396F3CD1CC49E2400F7373A = {
						CreatedOnToolsVersion = 7.3;
						TestTargetID = 2396F3B91CC49E2300F7373A;
					};
				};
			};
			buildConfigurationList = 2396F3B51CC49E2300F7373A /* Build configuration list for PBXProject "iOS" */;
			compatibilityVersion = "Xcode 3.2";
			developmentRegion = English;
			hasScannedForEncodings = 0;
			knownRegions = (
				en,
				Base,
			);
			mainGroup = 2396F3B11CC49E2300F7373A;
			productRefGroup = 2396F3BB1CC49E2400F7373A /* Products */;
			projectDirPath = "";
			projectRoot = "";
			targets = (
				2396F3B91CC49E2300F7373A /* iOS */,
				2396F3CD1CC49E2400F7373A /* iOSTests */,
			);
		};
/* End PBXProject section */

/* Begin PBXResourcesBuildPhase section */
		2396F3B81CC49E2300F7373A /* Resources */ = {
			isa = PBXResourcesBuildPhase;
			buildActionMask = 2147483647;
			files = (
				2396F3C81CC49E2400F7373A /* LaunchScreen.storyboard in Resources */,
				2396F3C51CC49E2400F7373A /* Assets.xcassets in Resources */,
				2396F3C31CC49E2400F7373A /* Main.storyboard in Resources */,
			);
			runOnlyForDeploymentPostprocessing = 0;
		};
		2396F3CC1CC49E2400F7373A /* Resources */ = {
			isa = PBXResourcesBuildPhase;
			buildActionMask = 2147483647;
			files = (
			);
			runOnlyForDeploymentPostprocessing = 0;
		};
/* End PBXResourcesBuildPhase section */

/* Begin PBXSourcesBuildPhase section */
		2396F3B61CC49E2300F7373A /* Sources */ = {
			isa = PBXSourcesBuildPhase;
			buildActionMask = 2147483647;
			files = (
				2396F3C01CC49E2400F7373A /* ViewController.swift in Sources */,
				2396F3BE1CC49E2400F7373A /* AppDelegate.swift in Sources */,
			);
			runOnlyForDeploymentPostprocessing = 0;
		};
		2396F3CA1CC49E2400F7373A /* Sources */ = {
			isa = PBXSourcesBuildPhase;
			buildActionMask = 2147483647;
			files = (
				2396F3D31CC49E2400F7373A /* iOSTests.swift in Sources */,
			);
			runOnlyForDeploymentPostprocessing = 0;
		};
/* End PBXSourcesBuildPhase section */

/* Begin PBXTargetDependency section */
		2396F3D01CC49E2400F7373A /* PBXTargetDependency */ = {
			isa = PBXTargetDependency;
			target = 2396F3B91CC49E2300F7373A /* iOS */;
			targetProxy = 2396F3CF1CC49E2400F7373A /* PBXContainerItemProxy */;
		};
/* End PBXTargetDependency section */

/* Begin PBXVariantGroup section */
		2396F3C11CC49E2400F7373A /* Main.storyboard */ = {
			isa = PBXVariantGroup;
			children = (
				2396F3C21CC49E2400F7373A /* Base */,
			);
			name = Main.storyboard;
			sourceTree = "<group>";
		};
		2396F3C61CC49E2400F7373A /* LaunchScreen.storyboard */ = {
			isa = PBXVariantGroup;
			children = (
				2396F3C71CC49E2400F7373A /* Base */,
			);
			name = LaunchScreen.storyboard;
			sourceTree = "<group>";
		};
/* End PBXVariantGroup section */

/* Begin XCBuildConfiguration section */
		2396F3D51CC49E2400F7373A /* Debug */ = {
			isa = XCBuildConfiguration;
			buildSettings = {
				ALWAYS_SEARCH_USER_PATHS = NO;
				CLANG_ANALYZER_NONNULL = YES;
				CLANG_CXX_LANGUAGE_STANDARD = "gnu++0x";
				CLANG_CXX_LIBRARY = "libc++";
				CLANG_ENABLE_MODULES = YES;
				CLANG_ENABLE_OBJC_ARC = YES;
				CLANG_WARN_BOOL_CONVERSION = YES;
				CLANG_WARN_CONSTANT_CONVERSION = YES;
				CLANG_WARN_DIRECT_OBJC_ISA_USAGE = YES_ERROR;
				CLANG_WARN_EMPTY_BODY = YES;
				CLANG_WARN_ENUM_CONVERSION = YES;
				CLANG_WARN_INT_CONVERSION = YES;
				CLANG_WARN_OBJC_ROOT_CLASS = YES_ERROR;
				CLANG_WARN_UNREACHABLE_CODE = YES;
				CLANG_WARN__DUPLICATE_METHOD_MATCH = YES;
				"CODE_SIGN_IDENTITY[sdk=iphoneos*]" = "iPhone Developer";
				COPY_PHASE_STRIP = NO;
				DEBUG_INFORMATION_FORMAT = dwarf;
				ENABLE_STRICT_OBJC_MSGSEND = YES;
				ENABLE_TESTABILITY = YES;
				GCC_C_LANGUAGE_STANDARD = gnu99;
				GCC_DYNAMIC_NO_PIC = NO;
				GCC_NO_COMMON_BLOCKS = YES;
				GCC_OPTIMIZATION_LEVEL = 0;
				GCC_PREPROCESSOR_DEFINITIONS = (
					"DEBUG=1",
					"$(inherited)",
				);
				GCC_WARN_64_TO_32_BIT_CONVERSION = YES;
				GCC_WARN_ABOUT_RETURN_TYPE = YES_ERROR;
				GCC_WARN_UNDECLARED_SELECTOR = YES;
				GCC_WARN_UNINITIALIZED_AUTOS = YES_AGGRESSIVE;
				GCC_WARN_UNUSED_FUNCTION = YES;
				GCC_WARN_UNUSED_VARIABLE = YES;
				IPHONEOS_DEPLOYMENT_TARGET = 9.3;
				MTL_ENABLE_DEBUG_INFO = YES;
				ONLY_ACTIVE_ARCH = YES;
				SDKROOT = iphoneos;
				SWIFT_OPTIMIZATION_LEVEL = "-Onone";
			};
			name = Debug;
		};
		2396F3D61CC49E2400F7373A /* Release */ = {
			isa = XCBuildConfiguration;
			buildSettings = {
				ALWAYS_SEARCH_USER_PATHS = NO;
				CLANG_ANALYZER_NONNULL = YES;
				CLANG_CXX_LANGUAGE_STANDARD = "gnu++0x";
				CLANG_CXX_LIBRARY = "libc++";
				CLANG_ENABLE_MODULES = YES;
				CLANG_ENABLE_OBJC_ARC = YES;
				CLANG_WARN_BOOL_CONVERSION = YES;
				CLANG_WARN_CONSTANT_CONVERSION = YES;
				CLANG_WARN_DIRECT_OBJC_ISA_USAGE = YES_ERROR;
				CLANG_WARN_EMPTY_BODY = YES;
				CLANG_WARN_ENUM_CONVERSION = YES;
				CLANG_WARN_INT_CONVERSION = YES;
				CLANG_WARN_OBJC_ROOT_CLASS = YES_ERROR;
				CLANG_WARN_UNREACHABLE_CODE = YES;
				CLANG_WARN__DUPLICATE_METHOD_MATCH = YES;
				"CODE_SIGN_IDENTITY[sdk=iphoneos*]" = "iPhone Developer";
				COPY_PHASE_STRIP = NO;
				DEBUG_INFORMATION_FORMAT = "dwarf-with-dsym";
				ENABLE_NS_ASSERTIONS = NO;
				ENABLE_STRICT_OBJC_MSGSEND = YES;
				GCC_C_LANGUAGE_STANDARD = gnu99;
				GCC_NO_COMMON_BLOCKS = YES;
				GCC_WARN_64_TO_32_BIT_CONVERSION = YES;
				GCC_WARN_ABOUT_RETURN_TYPE = YES_ERROR;
				GCC_WARN_UNDECLARED_SELECTOR = YES;
				GCC_WARN_UNINITIALIZED_AUTOS = YES_AGGRESSIVE;
				GCC_WARN_UNUSED_FUNCTION = YES;
				GCC_WARN_UNUSED_VARIABLE = YES;
				IPHONEOS_DEPLOYMENT_TARGET = 9.3;
				MTL_ENABLE_DEBUG_INFO = NO;
				SDKROOT = iphoneos;
				VALIDATE_PRODUCT = YES;
			};
			name = Release;
		};
		2396F3D81CC49E2400F7373A /* Debug */ = {
			isa = XCBuildConfiguration;
			buildSettings = {
				ASSETCATALOG_COMPILER_APPICON_NAME = AppIcon;
				FRAMEWORK_SEARCH_PATHS = build;
				INFOPLIST_FILE = iOS/Info.plist;
				LD_RUNPATH_SEARCH_PATHS = "$(inherited) @executable_path/Frameworks";
				PRODUCT_BUNDLE_IDENTIFIER = com.fop.iOS;
				PRODUCT_NAME = "$(TARGET_NAME)";
			};
			name = Debug;
		};
		2396F3D91CC49E2400F7373A /* Release */ = {
			isa = XCBuildConfiguration;
			buildSettings = {
				ASSETCATALOG_COMPILER_APPICON_NAME = AppIcon;
				FRAMEWORK_SEARCH_PATHS = build;
				INFOPLIST_FILE = iOS/Info.plist;
				LD_RUNPATH_SEARCH_PATHS = "$(inherited) @executable_path/Frameworks";
				PRODUCT_BUNDLE_IDENTIFIER = com.fop.iOS;
				PRODUCT_NAME = "$(TARGET_NAME)";
			};
			name = Release;
		};
		2396F3DB1CC49E2400F7373A /* Debug */ = {
			isa = XCBuildConfiguration;
			buildSettings = {
				BUNDLE_LOADER = "$(TEST_HOST)";
				INFOPLIST_FILE = iOSTests/Info.plist;
				LD_RUNPATH_SEARCH_PATHS = "$(inherited) @executable_path/Frameworks @loader_path/Frameworks";
				PRODUCT_BUNDLE_IDENTIFIER = com.fop.iOSTests;
				PRODUCT_NAME = "$(TARGET_NAME)";
				TEST_HOST = "$(BUILT_PRODUCTS_DIR)/iOS.app/iOS";
			};
			name = Debug;
		};
		2396F3DC1CC49E2400F7373A /* Release */ = {
			isa = XCBuildConfiguration;
			buildSettings = {
				BUNDLE_LOADER = "$(TEST_HOST)";
				INFOPLIST_FILE = iOSTests/Info.plist;
				LD_RUNPATH_SEARCH_PATHS = "$(inherited) @executable_path/Frameworks @loader_path/Frameworks";
				PRODUCT_BUNDLE_IDENTIFIER = com.fop.iOSTests;
				PRODUCT_NAME = "$(TARGET_NAME)";
				TEST_HOST = "$(BUILT_PRODUCTS_DIR)/iOS.app/iOS";
			};
			name = Release;
		};
/* End XCBuildConfiguration section */

/* Begin XCConfigurationList section */
		2396F3B51CC49E2300F7373A /* Build configuration list for PBXProject "iOS" */ = {
			isa = XCConfigurationList;
			buildConfigurations = (
				2396F3D51CC49E2400F7373A /* Debug */,
				2396F3D61CC49E2400F7373A /* Release */,
			);
			defaultConfigurationIsVisible = 0;
			defaultConfigurationName = Release;
		};
		2396F3D71CC49E2400F7373A /* Build configuration list for PBXNativeTarget "iOS" */ = {
			isa = XCConfigurationList;
			buildConfigurations = (
				2396F3D81CC49E2400F7373A /* Debug */,
				2396F3D91CC49E2400F7373A /* Release */,
			);
			defaultConfigurationIsVisible = 0;
			defaultConfigurationName = Release;
		};
		2396F3DA1CC49E2400F7373A /* Build configuration list for PBXNativeTarget "iOSTests" */ = {
			isa = XCConfigurationList;
			buildConfigurations = (
				2396F3DB1CC49E2400F7373A /* Debug */,
				2396F3DC1CC49E2400F7373A /* Release */,
			);
			defaultConfigurationIsVisible = 0;
			defaultConfigurationName = Release;
		};
/* End XCConfigurationList section */
	};
	rootObject = 2396F3B21CC49E2300F7373A /* Project object */;
}
