// !$*UTF8*$!
{
	archiveVersion = 1;
	classes = {
	};
	objectVersion = 46;
	objects = {

/* Begin PBXBuildFile section */
		239665231CEAFED700EFB4D9 /* AppDelegate.swift in Sources */ = {isa = PBXBuildFile; fileRef = 2396651C1CEAFED700EFB4D9 /* AppDelegate.swift */; };
		239665241CEAFED700EFB4D9 /* ViewController.swift in Sources */ = {isa = PBXBuildFile; fileRef = 2396651E1CEAFED700EFB4D9 /* ViewController.swift */; };
		2396652A1CEAFEF300EFB4D9 /* Assets.xcassets in Resources */ = {isa = PBXBuildFile; fileRef = 239665261CEAFEF300EFB4D9 /* Assets.xcassets */; };
		2396652B1CEAFEF300EFB4D9 /* LaunchScreen.storyboard in Resources */ = {isa = PBXBuildFile; fileRef = 239665281CEAFEF300EFB4D9 /* LaunchScreen.storyboard */; };
		2396652C1CEAFEF300EFB4D9 /* Main.storyboard in Resources */ = {isa = PBXBuildFile; fileRef = 239665291CEAFEF300EFB4D9 /* Main.storyboard */; };
		2396653A1CEAFFCA00EFB4D9 /* Persistence.framework in Frameworks */ = {isa = PBXBuildFile; fileRef = 239665391CEAFFCA00EFB4D9 /* Persistence.framework */; };
		2396653B1CEAFFCA00EFB4D9 /* Persistence.framework in Embed Frameworks */ = {isa = PBXBuildFile; fileRef = 239665391CEAFFCA00EFB4D9 /* Persistence.framework */; settings = {ATTRIBUTES = (CodeSignOnCopy, RemoveHeadersOnCopy, ); }; };
		2396653E1CEAFFE600EFB4D9 /* Networking.framework in Frameworks */ = {isa = PBXBuildFile; fileRef = 2396653D1CEAFFE600EFB4D9 /* Networking.framework */; };
		2396653F1CEAFFE600EFB4D9 /* Networking.framework in Embed Frameworks */ = {isa = PBXBuildFile; fileRef = 2396653D1CEAFFE600EFB4D9 /* Networking.framework */; settings = {ATTRIBUTES = (CodeSignOnCopy, RemoveHeadersOnCopy, ); }; };
		239665411CEAFFEC00EFB4D9 /* Core.framework in Frameworks */ = {isa = PBXBuildFile; fileRef = 239665401CEAFFEC00EFB4D9 /* Core.framework */; };
		239665421CEAFFEC00EFB4D9 /* Core.framework in Embed Frameworks */ = {isa = PBXBuildFile; fileRef = 239665401CEAFFEC00EFB4D9 /* Core.framework */; settings = {ATTRIBUTES = (CodeSignOnCopy, RemoveHeadersOnCopy, ); }; };
		239665441CEAFFF100EFB4D9 /* GitIssuerKit.framework in Frameworks */ = {isa = PBXBuildFile; fileRef = 239665431CEAFFF100EFB4D9 /* GitIssuerKit.framework */; };
		239665451CEAFFF100EFB4D9 /* GitIssuerKit.framework in Embed Frameworks */ = {isa = PBXBuildFile; fileRef = 239665431CEAFFF100EFB4D9 /* GitIssuerKit.framework */; settings = {ATTRIBUTES = (CodeSignOnCopy, RemoveHeadersOnCopy, ); }; };
/* End PBXBuildFile section */

/* Begin PBXContainerItemProxy section */
		239665581CEB04AE00EFB4D9 /* PBXContainerItemProxy */ = {
			isa = PBXContainerItemProxy;
			containerPortal = 2396649A1CEAFBBB00EFB4D9 /* Project object */;
			proxyType = 1;
			remoteGlobalIDString = 239664A11CEAFBBB00EFB4D9;
			remoteInfo = GitIssuer;
		};
/* End PBXContainerItemProxy section */

/* Begin PBXCopyFilesBuildPhase section */
		2396653C1CEAFFCA00EFB4D9 /* Embed Frameworks */ = {
			isa = PBXCopyFilesBuildPhase;
			buildActionMask = 2147483647;
			dstPath = "";
			dstSubfolderSpec = 10;
			files = (
				2396653F1CEAFFE600EFB4D9 /* Networking.framework in Embed Frameworks */,
				239665451CEAFFF100EFB4D9 /* GitIssuerKit.framework in Embed Frameworks */,
				239665421CEAFFEC00EFB4D9 /* Core.framework in Embed Frameworks */,
				2396653B1CEAFFCA00EFB4D9 /* Persistence.framework in Embed Frameworks */,
			);
			name = "Embed Frameworks";
			runOnlyForDeploymentPostprocessing = 0;
		};
/* End PBXCopyFilesBuildPhase section */

/* Begin PBXFileReference section */
		239664A21CEAFBBB00EFB4D9 /* GitIssuer.app */ = {isa = PBXFileReference; explicitFileType = wrapper.application; includeInIndex = 0; path = GitIssuer.app; sourceTree = BUILT_PRODUCTS_DIR; };
		239665151CEAFED700EFB4D9 /* Info.plist */ = {isa = PBXFileReference; fileEncoding = 4; lastKnownFileType = text.plist.xml; path = Info.plist; sourceTree = "<group>"; };
		2396651C1CEAFED700EFB4D9 /* AppDelegate.swift */ = {isa = PBXFileReference; fileEncoding = 4; lastKnownFileType = sourcecode.swift; path = AppDelegate.swift; sourceTree = "<group>"; };
		2396651E1CEAFED700EFB4D9 /* ViewController.swift */ = {isa = PBXFileReference; fileEncoding = 4; lastKnownFileType = sourcecode.swift; path = ViewController.swift; sourceTree = "<group>"; };
		239665261CEAFEF300EFB4D9 /* Assets.xcassets */ = {isa = PBXFileReference; lastKnownFileType = folder.assetcatalog; path = Assets.xcassets; sourceTree = "<group>"; };
		239665281CEAFEF300EFB4D9 /* LaunchScreen.storyboard */ = {isa = PBXFileReference; fileEncoding = 4; lastKnownFileType = file.storyboard; path = LaunchScreen.storyboard; sourceTree = "<group>"; };
		239665291CEAFEF300EFB4D9 /* Main.storyboard */ = {isa = PBXFileReference; fileEncoding = 4; lastKnownFileType = file.storyboard; path = Main.storyboard; sourceTree = "<group>"; };
		2396652E1CEAFF0100EFB4D9 /* Info.plist */ = {isa = PBXFileReference; lastKnownFileType = text.plist.xml; path = Info.plist; sourceTree = "<group>"; };
		239665391CEAFFCA00EFB4D9 /* Persistence.framework */ = {isa = PBXFileReference; explicitFileType = wrapper.framework; path = Persistence.framework; sourceTree = BUILT_PRODUCTS_DIR; };
		2396653D1CEAFFE600EFB4D9 /* Networking.framework */ = {isa = PBXFileReference; explicitFileType = wrapper.framework; path = Networking.framework; sourceTree = BUILT_PRODUCTS_DIR; };
		239665401CEAFFEC00EFB4D9 /* Core.framework */ = {isa = PBXFileReference; explicitFileType = wrapper.framework; path = Core.framework; sourceTree = BUILT_PRODUCTS_DIR; };
		239665431CEAFFF100EFB4D9 /* GitIssuerKit.framework */ = {isa = PBXFileReference; explicitFileType = wrapper.framework; path = GitIssuerKit.framework; sourceTree = BUILT_PRODUCTS_DIR; };
		2396654D1CEB009400EFB4D9 /* Base-Test.xcconfig */ = {isa = PBXFileReference; lastKnownFileType = text.xcconfig; path = "Base-Test.xcconfig"; sourceTree = "<group>"; };
		2396654E1CEB009400EFB4D9 /* Base.xcconfig */ = {isa = PBXFileReference; lastKnownFileType = text.xcconfig; path = Base.xcconfig; sourceTree = "<group>"; };
		239665531CEB04AE00EFB4D9 /* GitIssuerTests.xctest */ = {isa = PBXFileReference; explicitFileType = wrapper.cfbundle; includeInIndex = 0; path = GitIssuerTests.xctest; sourceTree = BUILT_PRODUCTS_DIR; };
/* End PBXFileReference section */

/* Begin PBXFrameworksBuildPhase section */
		2396649F1CEAFBBB00EFB4D9 /* Frameworks */ = {
			isa = PBXFrameworksBuildPhase;
			buildActionMask = 2147483647;
			files = (
				2396653E1CEAFFE600EFB4D9 /* Networking.framework in Frameworks */,
				239665441CEAFFF100EFB4D9 /* GitIssuerKit.framework in Frameworks */,
				239665411CEAFFEC00EFB4D9 /* Core.framework in Frameworks */,
				2396653A1CEAFFCA00EFB4D9 /* Persistence.framework in Frameworks */,
			);
			runOnlyForDeploymentPostprocessing = 0;
		};
		239665501CEB04AE00EFB4D9 /* Frameworks */ = {
			isa = PBXFrameworksBuildPhase;
			buildActionMask = 2147483647;
			files = (
			);
			runOnlyForDeploymentPostprocessing = 0;
		};
/* End PBXFrameworksBuildPhase section */

/* Begin PBXGroup section */
		239664991CEAFBBB00EFB4D9 = {
			isa = PBXGroup;
			children = (
				239665151CEAFED700EFB4D9 /* Info.plist */,
				2396654C1CEB009400EFB4D9 /* Config */,
				2396652D1CEAFF0100EFB4D9 /* Tests */,
				239665161CEAFED700EFB4D9 /* Resources */,
				2396651A1CEAFED700EFB4D9 /* Source */,
				239665141CEAFE8400EFB4D9 /* Frameworks */,
				239664A31CEAFBBB00EFB4D9 /* Products */,
			);
			sourceTree = "<group>";
		};
		239664A31CEAFBBB00EFB4D9 /* Products */ = {
			isa = PBXGroup;
			children = (
				239664A21CEAFBBB00EFB4D9 /* GitIssuer.app */,
				239665531CEB04AE00EFB4D9 /* GitIssuerTests.xctest */,
			);
			name = Products;
			sourceTree = "<group>";
		};
		239665141CEAFE8400EFB4D9 /* Frameworks */ = {
			isa = PBXGroup;
			children = (
				239665301CEAFF1E00EFB4D9 /* Testing */,
				2396652F1CEAFF1A00EFB4D9 /* Local */,
			);
			name = Frameworks;
			sourceTree = "<group>";
		};
		239665161CEAFED700EFB4D9 /* Resources */ = {
			isa = PBXGroup;
			children = (
				239665251CEAFEF300EFB4D9 /* Images */,
				239665271CEAFEF300EFB4D9 /* Storyboards */,
			);
			path = Resources;
			sourceTree = "<group>";
		};
		2396651A1CEAFED700EFB4D9 /* Source */ = {
			isa = PBXGroup;
			children = (
				2396651B1CEAFED700EFB4D9 /* App */,
				2396651D1CEAFED700EFB4D9 /* Home */,
			);
			path = Source;
			sourceTree = "<group>";
		};
		2396651B1CEAFED700EFB4D9 /* App */ = {
			isa = PBXGroup;
			children = (
				2396651C1CEAFED700EFB4D9 /* AppDelegate.swift */,
			);
			path = App;
			sourceTree = "<group>";
		};
		2396651D1CEAFED700EFB4D9 /* Home */ = {
			isa = PBXGroup;
			children = (
				2396651E1CEAFED700EFB4D9 /* ViewController.swift */,
			);
			path = Home;
			sourceTree = "<group>";
		};
		239665251CEAFEF300EFB4D9 /* Images */ = {
			isa = PBXGroup;
			children = (
				239665261CEAFEF300EFB4D9 /* Assets.xcassets */,
			);
			path = Images;
			sourceTree = "<group>";
		};
		239665271CEAFEF300EFB4D9 /* Storyboards */ = {
			isa = PBXGroup;
			children = (
				239665281CEAFEF300EFB4D9 /* LaunchScreen.storyboard */,
				239665291CEAFEF300EFB4D9 /* Main.storyboard */,
			);
			path = Storyboards;
			sourceTree = "<group>";
		};
		2396652D1CEAFF0100EFB4D9 /* Tests */ = {
			isa = PBXGroup;
			children = (
				2396652E1CEAFF0100EFB4D9 /* Info.plist */,
			);
			path = Tests;
			sourceTree = "<group>";
		};
		2396652F1CEAFF1A00EFB4D9 /* Local */ = {
			isa = PBXGroup;
			children = (
				239665431CEAFFF100EFB4D9 /* GitIssuerKit.framework */,
				239665401CEAFFEC00EFB4D9 /* Core.framework */,
				2396653D1CEAFFE600EFB4D9 /* Networking.framework */,
				239665391CEAFFCA00EFB4D9 /* Persistence.framework */,
			);
			name = Local;
			sourceTree = "<group>";
		};
		239665301CEAFF1E00EFB4D9 /* Testing */ = {
			isa = PBXGroup;
			children = (
			);
			name = Testing;
			sourceTree = "<group>";
		};
		2396654C1CEB009400EFB4D9 /* Config */ = {
			isa = PBXGroup;
			children = (
				2396654D1CEB009400EFB4D9 /* Base-Test.xcconfig */,
				2396654E1CEB009400EFB4D9 /* Base.xcconfig */,
			);
			name = Config;
			path = ../Config;
			sourceTree = "<group>";
		};
/* End PBXGroup section */

/* Begin PBXNativeTarget section */
		239664A11CEAFBBB00EFB4D9 /* GitIssuer */ = {
			isa = PBXNativeTarget;
			buildConfigurationList = 239664BF1CEAFBBB00EFB4D9 /* Build configuration list for PBXNativeTarget "GitIssuer" */;
			buildPhases = (
				2396649E1CEAFBBB00EFB4D9 /* Sources */,
				2396649F1CEAFBBB00EFB4D9 /* Frameworks */,
				239664A01CEAFBBB00EFB4D9 /* Resources */,
				2396653C1CEAFFCA00EFB4D9 /* Embed Frameworks */,
			);
			buildRules = (
			);
			dependencies = (
			);
			name = GitIssuer;
			productName = GitIssuer;
			productReference = 239664A21CEAFBBB00EFB4D9 /* GitIssuer.app */;
			productType = "com.apple.product-type.application";
		};
		239665521CEB04AE00EFB4D9 /* GitIssuerTests */ = {
			isa = PBXNativeTarget;
			buildConfigurationList = 2396655A1CEB04AE00EFB4D9 /* Build configuration list for PBXNativeTarget "GitIssuerTests" */;
			buildPhases = (
				2396654F1CEB04AE00EFB4D9 /* Sources */,
				239665501CEB04AE00EFB4D9 /* Frameworks */,
				239665511CEB04AE00EFB4D9 /* Resources */,
			);
			buildRules = (
			);
			dependencies = (
				239665591CEB04AE00EFB4D9 /* PBXTargetDependency */,
			);
			name = GitIssuerTests;
			productName = GitIssuerTests;
			productReference = 239665531CEB04AE00EFB4D9 /* GitIssuerTests.xctest */;
			productType = "com.apple.product-type.bundle.unit-test";
		};
/* End PBXNativeTarget section */

/* Begin PBXProject section */
		2396649A1CEAFBBB00EFB4D9 /* Project object */ = {
			isa = PBXProject;
			attributes = {
				LastSwiftUpdateCheck = 0730;
				LastUpgradeCheck = 0730;
				ORGANIZATIONNAME = es.ppinera;
				TargetAttributes = {
					239664A11CEAFBBB00EFB4D9 = {
						CreatedOnToolsVersion = 7.3.1;
					};
					239665521CEB04AE00EFB4D9 = {
						CreatedOnToolsVersion = 7.3.1;
						TestTargetID = 239664A11CEAFBBB00EFB4D9;
					};
				};
			};
			buildConfigurationList = 2396649D1CEAFBBB00EFB4D9 /* Build configuration list for PBXProject "GitIssuer" */;
			compatibilityVersion = "Xcode 3.2";
			developmentRegion = English;
			hasScannedForEncodings = 0;
			knownRegions = (
				en,
				Base,
			);
			mainGroup = 239664991CEAFBBB00EFB4D9;
			productRefGroup = 239664A31CEAFBBB00EFB4D9 /* Products */;
			projectDirPath = "";
			projectRoot = "";
			targets = (
				239664A11CEAFBBB00EFB4D9 /* GitIssuer */,
				239665521CEB04AE00EFB4D9 /* GitIssuerTests */,
			);
		};
/* End PBXProject section */

/* Begin PBXResourcesBuildPhase section */
		239664A01CEAFBBB00EFB4D9 /* Resources */ = {
			isa = PBXResourcesBuildPhase;
			buildActionMask = 2147483647;
			files = (
				2396652B1CEAFEF300EFB4D9 /* LaunchScreen.storyboard in Resources */,
				2396652A1CEAFEF300EFB4D9 /* Assets.xcassets in Resources */,
				2396652C1CEAFEF300EFB4D9 /* Main.storyboard in Resources */,
			);
			runOnlyForDeploymentPostprocessing = 0;
		};
		239665511CEB04AE00EFB4D9 /* Resources */ = {
			isa = PBXResourcesBuildPhase;
			buildActionMask = 2147483647;
			files = (
			);
			runOnlyForDeploymentPostprocessing = 0;
		};
/* End PBXResourcesBuildPhase section */

/* Begin PBXSourcesBuildPhase section */
		2396649E1CEAFBBB00EFB4D9 /* Sources */ = {
			isa = PBXSourcesBuildPhase;
			buildActionMask = 2147483647;
			files = (
				239665241CEAFED700EFB4D9 /* ViewController.swift in Sources */,
				239665231CEAFED700EFB4D9 /* AppDelegate.swift in Sources */,
			);
			runOnlyForDeploymentPostprocessing = 0;
		};
		2396654F1CEB04AE00EFB4D9 /* Sources */ = {
			isa = PBXSourcesBuildPhase;
			buildActionMask = 2147483647;
			files = (
			);
			runOnlyForDeploymentPostprocessing = 0;
		};
/* End PBXSourcesBuildPhase section */

/* Begin PBXTargetDependency section */
		239665591CEB04AE00EFB4D9 /* PBXTargetDependency */ = {
			isa = PBXTargetDependency;
			target = 239664A11CEAFBBB00EFB4D9 /* GitIssuer */;
			targetProxy = 239665581CEB04AE00EFB4D9 /* PBXContainerItemProxy */;
		};
/* End PBXTargetDependency section */

/* Begin XCBuildConfiguration section */
		239664BD1CEAFBBB00EFB4D9 /* Debug */ = {
			isa = XCBuildConfiguration;
			buildSettings = {
				ALWAYS_SEARCH_USER_PATHS = NO;
				CLANG_ANALYZER_NONNULL = YES;
				CLANG_CXX_LANGUAGE_STANDARD = "gnu++0x";
				CLANG_CXX_LIBRARY = "libc++";
				CLANG_ENABLE_MODULES = YES;
				CLANG_ENABLE_OBJC_ARC = YES;
				CLANG_WARN_BOOL_CONVERSION = YES;
				CLANG_WARN_CONSTANT_CONVERSION = YES;
				CLANG_WARN_DIRECT_OBJC_ISA_USAGE = YES_ERROR;
				CLANG_WARN_EMPTY_BODY = YES;
				CLANG_WARN_ENUM_CONVERSION = YES;
				CLANG_WARN_INT_CONVERSION = YES;
				CLANG_WARN_OBJC_ROOT_CLASS = YES_ERROR;
				CLANG_WARN_UNREACHABLE_CODE = YES;
				CLANG_WARN__DUPLICATE_METHOD_MATCH = YES;
				"CODE_SIGN_IDENTITY[sdk=iphoneos*]" = "iPhone Developer";
				COPY_PHASE_STRIP = NO;
				DEBUG_INFORMATION_FORMAT = dwarf;
				ENABLE_STRICT_OBJC_MSGSEND = YES;
				ENABLE_TESTABILITY = YES;
				GCC_C_LANGUAGE_STANDARD = gnu99;
				GCC_DYNAMIC_NO_PIC = NO;
				GCC_NO_COMMON_BLOCKS = YES;
				GCC_OPTIMIZATION_LEVEL = 0;
				GCC_PREPROCESSOR_DEFINITIONS = (
					"DEBUG=1",
					"$(inherited)",
				);
				GCC_WARN_64_TO_32_BIT_CONVERSION = YES;
				GCC_WARN_ABOUT_RETURN_TYPE = YES_ERROR;
				GCC_WARN_UNDECLARED_SELECTOR = YES;
				GCC_WARN_UNINITIALIZED_AUTOS = YES_AGGRESSIVE;
				GCC_WARN_UNUSED_FUNCTION = YES;
				GCC_WARN_UNUSED_VARIABLE = YES;
				IPHONEOS_DEPLOYMENT_TARGET = 9.3;
				MTL_ENABLE_DEBUG_INFO = YES;
				ONLY_ACTIVE_ARCH = YES;
				SDKROOT = iphoneos;
				SWIFT_OPTIMIZATION_LEVEL = "-Onone";
			};
			name = Debug;
		};
		239664BE1CEAFBBB00EFB4D9 /* Release */ = {
			isa = XCBuildConfiguration;
			buildSettings = {
				ALWAYS_SEARCH_USER_PATHS = NO;
				CLANG_ANALYZER_NONNULL = YES;
				CLANG_CXX_LANGUAGE_STANDARD = "gnu++0x";
				CLANG_CXX_LIBRARY = "libc++";
				CLANG_ENABLE_MODULES = YES;
				CLANG_ENABLE_OBJC_ARC = YES;
				CLANG_WARN_BOOL_CONVERSION = YES;
				CLANG_WARN_CONSTANT_CONVERSION = YES;
				CLANG_WARN_DIRECT_OBJC_ISA_USAGE = YES_ERROR;
				CLANG_WARN_EMPTY_BODY = YES;
				CLANG_WARN_ENUM_CONVERSION = YES;
				CLANG_WARN_INT_CONVERSION = YES;
				CLANG_WARN_OBJC_ROOT_CLASS = YES_ERROR;
				CLANG_WARN_UNREACHABLE_CODE = YES;
				CLANG_WARN__DUPLICATE_METHOD_MATCH = YES;
				"CODE_SIGN_IDENTITY[sdk=iphoneos*]" = "iPhone Developer";
				COPY_PHASE_STRIP = NO;
				DEBUG_INFORMATION_FORMAT = "dwarf-with-dsym";
				ENABLE_NS_ASSERTIONS = NO;
				ENABLE_STRICT_OBJC_MSGSEND = YES;
				GCC_C_LANGUAGE_STANDARD = gnu99;
				GCC_NO_COMMON_BLOCKS = YES;
				GCC_WARN_64_TO_32_BIT_CONVERSION = YES;
				GCC_WARN_ABOUT_RETURN_TYPE = YES_ERROR;
				GCC_WARN_UNDECLARED_SELECTOR = YES;
				GCC_WARN_UNINITIALIZED_AUTOS = YES_AGGRESSIVE;
				GCC_WARN_UNUSED_FUNCTION = YES;
				GCC_WARN_UNUSED_VARIABLE = YES;
				IPHONEOS_DEPLOYMENT_TARGET = 9.3;
				MTL_ENABLE_DEBUG_INFO = NO;
				SDKROOT = iphoneos;
				VALIDATE_PRODUCT = YES;
			};
			name = Release;
		};
		239664C01CEAFBBB00EFB4D9 /* Debug */ = {
			isa = XCBuildConfiguration;
			buildSettings = {
				ASSETCATALOG_COMPILER_APPICON_NAME = AppIcon;
				INFOPLIST_FILE = Info.plist;
				LD_RUNPATH_SEARCH_PATHS = "$(inherited) @executable_path/Frameworks";
				PRODUCT_BUNDLE_IDENTIFIER = es.ppinera.GitIssuer;
				PRODUCT_NAME = "$(TARGET_NAME)";
			};
			name = Debug;
		};
		239664C11CEAFBBB00EFB4D9 /* Release */ = {
			isa = XCBuildConfiguration;
			buildSettings = {
				ASSETCATALOG_COMPILER_APPICON_NAME = AppIcon;
				INFOPLIST_FILE = Info.plist;
				LD_RUNPATH_SEARCH_PATHS = "$(inherited) @executable_path/Frameworks";
				PRODUCT_BUNDLE_IDENTIFIER = es.ppinera.GitIssuer;
				PRODUCT_NAME = "$(TARGET_NAME)";
			};
			name = Release;
		};
		2396655B1CEB04AE00EFB4D9 /* Debug */ = {
			isa = XCBuildConfiguration;
			buildSettings = {
				BUNDLE_LOADER = "$(TEST_HOST)";
				INFOPLIST_FILE = Tests/Info.plist;
				LD_RUNPATH_SEARCH_PATHS = "$(inherited) @executable_path/Frameworks @loader_path/Frameworks";
				PRODUCT_BUNDLE_IDENTIFIER = es.ppinera.GitIssuerTests;
				PRODUCT_NAME = "$(TARGET_NAME)";
				TEST_HOST = "$(BUILT_PRODUCTS_DIR)/GitIssuer.app/GitIssuer";
			};
			name = Debug;
		};
		2396655C1CEB04AE00EFB4D9 /* Release */ = {
			isa = XCBuildConfiguration;
			buildSettings = {
				BUNDLE_LOADER = "$(TEST_HOST)";
				INFOPLIST_FILE = Tests/Info.plist;
				LD_RUNPATH_SEARCH_PATHS = "$(inherited) @executable_path/Frameworks @loader_path/Frameworks";
				PRODUCT_BUNDLE_IDENTIFIER = es.ppinera.GitIssuerTests;
				PRODUCT_NAME = "$(TARGET_NAME)";
				TEST_HOST = "$(BUILT_PRODUCTS_DIR)/GitIssuer.app/GitIssuer";
			};
			name = Release;
		};
/* End XCBuildConfiguration section */

/* Begin XCConfigurationList section */
		2396649D1CEAFBBB00EFB4D9 /* Build configuration list for PBXProject "GitIssuer" */ = {
			isa = XCConfigurationList;
			buildConfigurations = (
				239664BD1CEAFBBB00EFB4D9 /* Debug */,
				239664BE1CEAFBBB00EFB4D9 /* Release */,
			);
			defaultConfigurationIsVisible = 0;
			defaultConfigurationName = Release;
		};
		239664BF1CEAFBBB00EFB4D9 /* Build configuration list for PBXNativeTarget "GitIssuer" */ = {
			isa = XCConfigurationList;
			buildConfigurations = (
				239664C01CEAFBBB00EFB4D9 /* Debug */,
				239664C11CEAFBBB00EFB4D9 /* Release */,
			);
			defaultConfigurationIsVisible = 0;
			defaultConfigurationName = Release;
		};
		2396655A1CEB04AE00EFB4D9 /* Build configuration list for PBXNativeTarget "GitIssuerTests" */ = {
			isa = XCConfigurationList;
			buildConfigurations = (
				2396655B1CEB04AE00EFB4D9 /* Debug */,
				2396655C1CEB04AE00EFB4D9 /* Release */,
			);
			defaultConfigurationIsVisible = 0;
		};
/* End XCConfigurationList section */
	};
	rootObject = 2396649A1CEAFBBB00EFB4D9 /* Project object */;
}
