// !$*UTF8*$!
{
	archiveVersion = 1;
	classes = {
	};
	objectVersion = 46;
	objects = {

/* Begin PBXBuildFile section */
		23123E761CCE039600516693 /* FDesign.framework in Frameworks */ = {isa = PBXBuildFile; fileRef = 23123E751CCE039600516693 /* FDesign.framework */; };
		23123E771CCE039600516693 /* FDesign.framework in Embed Frameworks */ = {isa = PBXBuildFile; fileRef = 23123E751CCE039600516693 /* FDesign.framework */; settings = {ATTRIBUTES = (CodeSignOnCopy, RemoveHeadersOnCopy, ); }; };
		23123E791CCE039600516693 /* FCore.framework in Frameworks */ = {isa = PBXBuildFile; fileRef = 23123E781CCE039600516693 /* FCore.framework */; };
		23123E7A1CCE039600516693 /* FCore.framework in Embed Frameworks */ = {isa = PBXBuildFile; fileRef = 23123E781CCE039600516693 /* FCore.framework */; settings = {ATTRIBUTES = (CodeSignOnCopy, RemoveHeadersOnCopy, ); }; };
		23123E7C1CCE039600516693 /* FPersistency.framework in Frameworks */ = {isa = PBXBuildFile; fileRef = 23123E7B1CCE039600516693 /* FPersistency.framework */; };
		23123E7D1CCE039600516693 /* FPersistency.framework in Embed Frameworks */ = {isa = PBXBuildFile; fileRef = 23123E7B1CCE039600516693 /* FPersistency.framework */; settings = {ATTRIBUTES = (CodeSignOnCopy, RemoveHeadersOnCopy, ); }; };
		23123E7F1CCE039600516693 /* FNetworking.framework in Frameworks */ = {isa = PBXBuildFile; fileRef = 23123E7E1CCE039600516693 /* FNetworking.framework */; };
		23123E801CCE039600516693 /* FNetworking.framework in Embed Frameworks */ = {isa = PBXBuildFile; fileRef = 23123E7E1CCE039600516693 /* FNetworking.framework */; settings = {ATTRIBUTES = (CodeSignOnCopy, RemoveHeadersOnCopy, ); }; };
		233629141CCE1A1F000276A9 /* FFoundation.framework in Frameworks */ = {isa = PBXBuildFile; fileRef = 233629131CCE1A1F000276A9 /* FFoundation.framework */; };
		233629151CCE1A1F000276A9 /* FFoundation.framework in Embed Frameworks */ = {isa = PBXBuildFile; fileRef = 233629131CCE1A1F000276A9 /* FFoundation.framework */; settings = {ATTRIBUTES = (CodeSignOnCopy, RemoveHeadersOnCopy, ); }; };
		2396F4CC1CC49EA800F7373A /* AppDelegate.swift in Sources */ = {isa = PBXBuildFile; fileRef = 2396F4CB1CC49EA800F7373A /* AppDelegate.swift */; };
		2396F4CE1CC49EA800F7373A /* ViewController.swift in Sources */ = {isa = PBXBuildFile; fileRef = 2396F4CD1CC49EA800F7373A /* ViewController.swift */; };
		2396F4D11CC49EA800F7373A /* Main.storyboard in Resources */ = {isa = PBXBuildFile; fileRef = 2396F4CF1CC49EA800F7373A /* Main.storyboard */; };
		2396F4D31CC49EA800F7373A /* Assets.xcassets in Resources */ = {isa = PBXBuildFile; fileRef = 2396F4D21CC49EA800F7373A /* Assets.xcassets */; };
		2396F4DE1CC49EA800F7373A /* TVTests.swift in Sources */ = {isa = PBXBuildFile; fileRef = 2396F4DD1CC49EA800F7373A /* TVTests.swift */; };
/* End PBXBuildFile section */

/* Begin PBXContainerItemProxy section */
		2396F4DA1CC49EA800F7373A /* PBXContainerItemProxy */ = {
			isa = PBXContainerItemProxy;
			containerPortal = 2396F4C01CC49EA800F7373A /* Project object */;
			proxyType = 1;
			remoteGlobalIDString = 2396F4C71CC49EA800F7373A;
			remoteInfo = TV;
		};
/* End PBXContainerItemProxy section */

/* Begin PBXCopyFilesBuildPhase section */
		2339CE771CCE00D100685B67 /* Embed Frameworks */ = {
			isa = PBXCopyFilesBuildPhase;
			buildActionMask = 2147483647;
			dstPath = "";
			dstSubfolderSpec = 10;
			files = (
				23123E7A1CCE039600516693 /* FCore.framework in Embed Frameworks */,
				233629151CCE1A1F000276A9 /* FFoundation.framework in Embed Frameworks */,
				23123E771CCE039600516693 /* FDesign.framework in Embed Frameworks */,
				23123E7D1CCE039600516693 /* FPersistency.framework in Embed Frameworks */,
				23123E801CCE039600516693 /* FNetworking.framework in Embed Frameworks */,
			);
			name = "Embed Frameworks";
			runOnlyForDeploymentPostprocessing = 0;
		};
/* End PBXCopyFilesBuildPhase section */

/* Begin PBXFileReference section */
		23123E751CCE039600516693 /* FDesign.framework */ = {isa = PBXFileReference; explicitFileType = wrapper.framework; path = FDesign.framework; sourceTree = BUILT_PRODUCTS_DIR; };
		23123E781CCE039600516693 /* FCore.framework */ = {isa = PBXFileReference; explicitFileType = wrapper.framework; path = FCore.framework; sourceTree = BUILT_PRODUCTS_DIR; };
		23123E7B1CCE039600516693 /* FPersistency.framework */ = {isa = PBXFileReference; explicitFileType = wrapper.framework; path = FPersistency.framework; sourceTree = BUILT_PRODUCTS_DIR; };
		23123E7E1CCE039600516693 /* FNetworking.framework */ = {isa = PBXFileReference; explicitFileType = wrapper.framework; path = FNetworking.framework; sourceTree = BUILT_PRODUCTS_DIR; };
		233629131CCE1A1F000276A9 /* FFoundation.framework */ = {isa = PBXFileReference; explicitFileType = wrapper.framework; path = FFoundation.framework; sourceTree = BUILT_PRODUCTS_DIR; };
		2396F4C81CC49EA800F7373A /* TV.app */ = {isa = PBXFileReference; explicitFileType = wrapper.application; includeInIndex = 0; path = TV.app; sourceTree = BUILT_PRODUCTS_DIR; };
		2396F4CB1CC49EA800F7373A /* AppDelegate.swift */ = {isa = PBXFileReference; lastKnownFileType = sourcecode.swift; path = AppDelegate.swift; sourceTree = "<group>"; };
		2396F4CD1CC49EA800F7373A /* ViewController.swift */ = {isa = PBXFileReference; lastKnownFileType = sourcecode.swift; path = ViewController.swift; sourceTree = "<group>"; };
		2396F4D01CC49EA800F7373A /* Base */ = {isa = PBXFileReference; lastKnownFileType = file.storyboard; name = Base; path = Base.lproj/Main.storyboard; sourceTree = "<group>"; };
		2396F4D21CC49EA800F7373A /* Assets.xcassets */ = {isa = PBXFileReference; lastKnownFileType = folder.assetcatalog; path = Assets.xcassets; sourceTree = "<group>"; };
		2396F4D41CC49EA800F7373A /* Info.plist */ = {isa = PBXFileReference; lastKnownFileType = text.plist.xml; path = Info.plist; sourceTree = "<group>"; };
		2396F4D91CC49EA800F7373A /* TVTests.xctest */ = {isa = PBXFileReference; explicitFileType = wrapper.cfbundle; includeInIndex = 0; path = TVTests.xctest; sourceTree = BUILT_PRODUCTS_DIR; };
		2396F4DD1CC49EA800F7373A /* TVTests.swift */ = {isa = PBXFileReference; lastKnownFileType = sourcecode.swift; path = TVTests.swift; sourceTree = "<group>"; };
		2396F4DF1CC49EA800F7373A /* Info.plist */ = {isa = PBXFileReference; lastKnownFileType = text.plist.xml; path = Info.plist; sourceTree = "<group>"; };
/* End PBXFileReference section */

/* Begin PBXFrameworksBuildPhase section */
		2396F4C51CC49EA800F7373A /* Frameworks */ = {
			isa = PBXFrameworksBuildPhase;
			buildActionMask = 2147483647;
			files = (
				23123E791CCE039600516693 /* FCore.framework in Frameworks */,
				233629141CCE1A1F000276A9 /* FFoundation.framework in Frameworks */,
				23123E761CCE039600516693 /* FDesign.framework in Frameworks */,
				23123E7C1CCE039600516693 /* FPersistency.framework in Frameworks */,
				23123E7F1CCE039600516693 /* FNetworking.framework in Frameworks */,
			);
			runOnlyForDeploymentPostprocessing = 0;
		};
		2396F4D61CC49EA800F7373A /* Frameworks */ = {
			isa = PBXFrameworksBuildPhase;
			buildActionMask = 2147483647;
			files = (
			);
			runOnlyForDeploymentPostprocessing = 0;
		};
/* End PBXFrameworksBuildPhase section */

/* Begin PBXGroup section */
		23123E811CCE03AA00516693 /* Frameworks */ = {
			isa = PBXGroup;
			children = (
				233629131CCE1A1F000276A9 /* FFoundation.framework */,
				23123E7E1CCE039600516693 /* FNetworking.framework */,
				23123E7B1CCE039600516693 /* FPersistency.framework */,
				23123E781CCE039600516693 /* FCore.framework */,
				23123E751CCE039600516693 /* FDesign.framework */,
			);
			name = Frameworks;
			sourceTree = "<group>";
		};
		2396F4BF1CC49EA800F7373A = {
			isa = PBXGroup;
			children = (
				23123E811CCE03AA00516693 /* Frameworks */,
				2396F4CA1CC49EA800F7373A /* TV */,
				2396F4DC1CC49EA800F7373A /* TVTests */,
				2396F4C91CC49EA800F7373A /* Products */,
			);
			sourceTree = "<group>";
		};
		2396F4C91CC49EA800F7373A /* Products */ = {
			isa = PBXGroup;
			children = (
				2396F4C81CC49EA800F7373A /* TV.app */,
				2396F4D91CC49EA800F7373A /* TVTests.xctest */,
			);
			name = Products;
			sourceTree = "<group>";
		};
		2396F4CA1CC49EA800F7373A /* TV */ = {
			isa = PBXGroup;
			children = (
				2396F4CB1CC49EA800F7373A /* AppDelegate.swift */,
				2396F4CD1CC49EA800F7373A /* ViewController.swift */,
				2396F4CF1CC49EA800F7373A /* Main.storyboard */,
				2396F4D21CC49EA800F7373A /* Assets.xcassets */,
				2396F4D41CC49EA800F7373A /* Info.plist */,
			);
			path = TV;
			sourceTree = "<group>";
		};
		2396F4DC1CC49EA800F7373A /* TVTests */ = {
			isa = PBXGroup;
			children = (
				2396F4DD1CC49EA800F7373A /* TVTests.swift */,
				2396F4DF1CC49EA800F7373A /* Info.plist */,
			);
			path = TVTests;
			sourceTree = "<group>";
		};
/* End PBXGroup section */

/* Begin PBXNativeTarget section */
		2396F4C71CC49EA800F7373A /* TV */ = {
			isa = PBXNativeTarget;
			buildConfigurationList = 2396F4E21CC49EA800F7373A /* Build configuration list for PBXNativeTarget "TV" */;
			buildPhases = (
				2396F4C41CC49EA800F7373A /* Sources */,
				2396F4C51CC49EA800F7373A /* Frameworks */,
				2396F4C61CC49EA800F7373A /* Resources */,
				2339CE771CCE00D100685B67 /* Embed Frameworks */,
			);
			buildRules = (
			);
			dependencies = (
			);
			name = TV;
			productName = TV;
			productReference = 2396F4C81CC49EA800F7373A /* TV.app */;
			productType = "com.apple.product-type.application";
		};
		2396F4D81CC49EA800F7373A /* TVTests */ = {
			isa = PBXNativeTarget;
			buildConfigurationList = 2396F4E51CC49EA800F7373A /* Build configuration list for PBXNativeTarget "TVTests" */;
			buildPhases = (
				2396F4D51CC49EA800F7373A /* Sources */,
				2396F4D61CC49EA800F7373A /* Frameworks */,
				2396F4D71CC49EA800F7373A /* Resources */,
			);
			buildRules = (
			);
			dependencies = (
				2396F4DB1CC49EA800F7373A /* PBXTargetDependency */,
			);
			name = TVTests;
			productName = TVTests;
			productReference = 2396F4D91CC49EA800F7373A /* TVTests.xctest */;
			productType = "com.apple.product-type.bundle.unit-test";
		};
/* End PBXNativeTarget section */

/* Begin PBXProject section */
		2396F4C01CC49EA800F7373A /* Project object */ = {
			isa = PBXProject;
			attributes = {
				LastSwiftUpdateCheck = 0730;
				LastUpgradeCheck = 0730;
				ORGANIZATIONNAME = com.fop;
				TargetAttributes = {
					2396F4C71CC49EA800F7373A = {
						CreatedOnToolsVersion = 7.3;
					};
					2396F4D81CC49EA800F7373A = {
						CreatedOnToolsVersion = 7.3;
						TestTargetID = 2396F4C71CC49EA800F7373A;
					};
				};
			};
			buildConfigurationList = 2396F4C31CC49EA800F7373A /* Build configuration list for PBXProject "TV" */;
			compatibilityVersion = "Xcode 3.2";
			developmentRegion = English;
			hasScannedForEncodings = 0;
			knownRegions = (
				en,
				Base,
			);
			mainGroup = 2396F4BF1CC49EA800F7373A;
			productRefGroup = 2396F4C91CC49EA800F7373A /* Products */;
			projectDirPath = "";
			projectRoot = "";
			targets = (
				2396F4C71CC49EA800F7373A /* TV */,
				2396F4D81CC49EA800F7373A /* TVTests */,
			);
		};
/* End PBXProject section */

/* Begin PBXResourcesBuildPhase section */
		2396F4C61CC49EA800F7373A /* Resources */ = {
			isa = PBXResourcesBuildPhase;
			buildActionMask = 2147483647;
			files = (
				2396F4D31CC49EA800F7373A /* Assets.xcassets in Resources */,
				2396F4D11CC49EA800F7373A /* Main.storyboard in Resources */,
			);
			runOnlyForDeploymentPostprocessing = 0;
		};
		2396F4D71CC49EA800F7373A /* Resources */ = {
			isa = PBXResourcesBuildPhase;
			buildActionMask = 2147483647;
			files = (
			);
			runOnlyForDeploymentPostprocessing = 0;
		};
/* End PBXResourcesBuildPhase section */

/* Begin PBXSourcesBuildPhase section */
		2396F4C41CC49EA800F7373A /* Sources */ = {
			isa = PBXSourcesBuildPhase;
			buildActionMask = 2147483647;
			files = (
				2396F4CE1CC49EA800F7373A /* ViewController.swift in Sources */,
				2396F4CC1CC49EA800F7373A /* AppDelegate.swift in Sources */,
			);
			runOnlyForDeploymentPostprocessing = 0;
		};
		2396F4D51CC49EA800F7373A /* Sources */ = {
			isa = PBXSourcesBuildPhase;
			buildActionMask = 2147483647;
			files = (
				2396F4DE1CC49EA800F7373A /* TVTests.swift in Sources */,
			);
			runOnlyForDeploymentPostprocessing = 0;
		};
/* End PBXSourcesBuildPhase section */

/* Begin PBXTargetDependency section */
		2396F4DB1CC49EA800F7373A /* PBXTargetDependency */ = {
			isa = PBXTargetDependency;
			target = 2396F4C71CC49EA800F7373A /* TV */;
			targetProxy = 2396F4DA1CC49EA800F7373A /* PBXContainerItemProxy */;
		};
/* End PBXTargetDependency section */

/* Begin PBXVariantGroup section */
		2396F4CF1CC49EA800F7373A /* Main.storyboard */ = {
			isa = PBXVariantGroup;
			children = (
				2396F4D01CC49EA800F7373A /* Base */,
			);
			name = Main.storyboard;
			sourceTree = "<group>";
		};
/* End PBXVariantGroup section */

/* Begin XCBuildConfiguration section */
		2396F4E01CC49EA800F7373A /* Debug */ = {
			isa = XCBuildConfiguration;
			buildSettings = {
				ALWAYS_SEARCH_USER_PATHS = NO;
				CLANG_ANALYZER_NONNULL = YES;
				CLANG_CXX_LANGUAGE_STANDARD = "gnu++0x";
				CLANG_CXX_LIBRARY = "libc++";
				CLANG_ENABLE_MODULES = YES;
				CLANG_ENABLE_OBJC_ARC = YES;
				CLANG_WARN_BOOL_CONVERSION = YES;
				CLANG_WARN_CONSTANT_CONVERSION = YES;
				CLANG_WARN_DIRECT_OBJC_ISA_USAGE = YES_ERROR;
				CLANG_WARN_EMPTY_BODY = YES;
				CLANG_WARN_ENUM_CONVERSION = YES;
				CLANG_WARN_INT_CONVERSION = YES;
				CLANG_WARN_OBJC_ROOT_CLASS = YES_ERROR;
				CLANG_WARN_UNREACHABLE_CODE = YES;
				CLANG_WARN__DUPLICATE_METHOD_MATCH = YES;
				COPY_PHASE_STRIP = NO;
				DEBUG_INFORMATION_FORMAT = dwarf;
				ENABLE_STRICT_OBJC_MSGSEND = YES;
				ENABLE_TESTABILITY = YES;
				GCC_C_LANGUAGE_STANDARD = gnu99;
				GCC_DYNAMIC_NO_PIC = NO;
				GCC_NO_COMMON_BLOCKS = YES;
				GCC_OPTIMIZATION_LEVEL = 0;
				GCC_PREPROCESSOR_DEFINITIONS = (
					"DEBUG=1",
					"$(inherited)",
				);
				GCC_WARN_64_TO_32_BIT_CONVERSION = YES;
				GCC_WARN_ABOUT_RETURN_TYPE = YES_ERROR;
				GCC_WARN_UNDECLARED_SELECTOR = YES;
				GCC_WARN_UNINITIALIZED_AUTOS = YES_AGGRESSIVE;
				GCC_WARN_UNUSED_FUNCTION = YES;
				GCC_WARN_UNUSED_VARIABLE = YES;
				MTL_ENABLE_DEBUG_INFO = YES;
				ONLY_ACTIVE_ARCH = YES;
				SDKROOT = appletvos;
				SWIFT_OPTIMIZATION_LEVEL = "-Onone";
				TARGETED_DEVICE_FAMILY = 3;
				TVOS_DEPLOYMENT_TARGET = 9.2;
			};
			name = Debug;
		};
		2396F4E11CC49EA800F7373A /* Release */ = {
			isa = XCBuildConfiguration;
			buildSettings = {
				ALWAYS_SEARCH_USER_PATHS = NO;
				CLANG_ANALYZER_NONNULL = YES;
				CLANG_CXX_LANGUAGE_STANDARD = "gnu++0x";
				CLANG_CXX_LIBRARY = "libc++";
				CLANG_ENABLE_MODULES = YES;
				CLANG_ENABLE_OBJC_ARC = YES;
				CLANG_WARN_BOOL_CONVERSION = YES;
				CLANG_WARN_CONSTANT_CONVERSION = YES;
				CLANG_WARN_DIRECT_OBJC_ISA_USAGE = YES_ERROR;
				CLANG_WARN_EMPTY_BODY = YES;
				CLANG_WARN_ENUM_CONVERSION = YES;
				CLANG_WARN_INT_CONVERSION = YES;
				CLANG_WARN_OBJC_ROOT_CLASS = YES_ERROR;
				CLANG_WARN_UNREACHABLE_CODE = YES;
				CLANG_WARN__DUPLICATE_METHOD_MATCH = YES;
				COPY_PHASE_STRIP = NO;
				DEBUG_INFORMATION_FORMAT = "dwarf-with-dsym";
				ENABLE_NS_ASSERTIONS = NO;
				ENABLE_STRICT_OBJC_MSGSEND = YES;
				GCC_C_LANGUAGE_STANDARD = gnu99;
				GCC_NO_COMMON_BLOCKS = YES;
				GCC_WARN_64_TO_32_BIT_CONVERSION = YES;
				GCC_WARN_ABOUT_RETURN_TYPE = YES_ERROR;
				GCC_WARN_UNDECLARED_SELECTOR = YES;
				GCC_WARN_UNINITIALIZED_AUTOS = YES_AGGRESSIVE;
				GCC_WARN_UNUSED_FUNCTION = YES;
				GCC_WARN_UNUSED_VARIABLE = YES;
				MTL_ENABLE_DEBUG_INFO = NO;
				SDKROOT = appletvos;
				TARGETED_DEVICE_FAMILY = 3;
				TVOS_DEPLOYMENT_TARGET = 9.2;
				VALIDATE_PRODUCT = YES;
			};
			name = Release;
		};
		2396F4E31CC49EA800F7373A /* Debug */ = {
			isa = XCBuildConfiguration;
			buildSettings = {
				ASSETCATALOG_COMPILER_APPICON_NAME = "App Icon & Top Shelf Image";
				ASSETCATALOG_COMPILER_LAUNCHIMAGE_NAME = LaunchImage;
				INFOPLIST_FILE = TV/Info.plist;
				LD_RUNPATH_SEARCH_PATHS = "$(inherited) @executable_path/Frameworks";
				PRODUCT_BUNDLE_IDENTIFIER = com.fop.TV;
				PRODUCT_NAME = "$(TARGET_NAME)";
			};
			name = Debug;
		};
		2396F4E41CC49EA800F7373A /* Release */ = {
			isa = XCBuildConfiguration;
			buildSettings = {
				ASSETCATALOG_COMPILER_APPICON_NAME = "App Icon & Top Shelf Image";
				ASSETCATALOG_COMPILER_LAUNCHIMAGE_NAME = LaunchImage;
				INFOPLIST_FILE = TV/Info.plist;
				LD_RUNPATH_SEARCH_PATHS = "$(inherited) @executable_path/Frameworks";
				PRODUCT_BUNDLE_IDENTIFIER = com.fop.TV;
				PRODUCT_NAME = "$(TARGET_NAME)";
			};
			name = Release;
		};
		2396F4E61CC49EA800F7373A /* Debug */ = {
			isa = XCBuildConfiguration;
			buildSettings = {
				BUNDLE_LOADER = "$(TEST_HOST)";
				INFOPLIST_FILE = TVTests/Info.plist;
				LD_RUNPATH_SEARCH_PATHS = "$(inherited) @executable_path/Frameworks @loader_path/Frameworks";
				PRODUCT_BUNDLE_IDENTIFIER = com.fop.TVTests;
				PRODUCT_NAME = "$(TARGET_NAME)";
				TEST_HOST = "$(BUILT_PRODUCTS_DIR)/TV.app/TV";
			};
			name = Debug;
		};
		2396F4E71CC49EA800F7373A /* Release */ = {
			isa = XCBuildConfiguration;
			buildSettings = {
				BUNDLE_LOADER = "$(TEST_HOST)";
				INFOPLIST_FILE = TVTests/Info.plist;
				LD_RUNPATH_SEARCH_PATHS = "$(inherited) @executable_path/Frameworks @loader_path/Frameworks";
				PRODUCT_BUNDLE_IDENTIFIER = com.fop.TVTests;
				PRODUCT_NAME = "$(TARGET_NAME)";
				TEST_HOST = "$(BUILT_PRODUCTS_DIR)/TV.app/TV";
			};
			name = Release;
		};
/* End XCBuildConfiguration section */

/* Begin XCConfigurationList section */
		2396F4C31CC49EA800F7373A /* Build configuration list for PBXProject "TV" */ = {
			isa = XCConfigurationList;
			buildConfigurations = (
				2396F4E01CC49EA800F7373A /* Debug */,
				2396F4E11CC49EA800F7373A /* Release */,
			);
			defaultConfigurationIsVisible = 0;
			defaultConfigurationName = Release;
		};
		2396F4E21CC49EA800F7373A /* Build configuration list for PBXNativeTarget "TV" */ = {
			isa = XCConfigurationList;
			buildConfigurations = (
				2396F4E31CC49EA800F7373A /* Debug */,
				2396F4E41CC49EA800F7373A /* Release */,
			);
			defaultConfigurationIsVisible = 0;
			defaultConfigurationName = Release;
		};
		2396F4E51CC49EA800F7373A /* Build configuration list for PBXNativeTarget "TVTests" */ = {
			isa = XCConfigurationList;
			buildConfigurations = (
				2396F4E61CC49EA800F7373A /* Debug */,
				2396F4E71CC49EA800F7373A /* Release */,
			);
			defaultConfigurationIsVisible = 0;
			defaultConfigurationName = Release;
		};
/* End XCConfigurationList section */
	};
	rootObject = 2396F4C01CC49EA800F7373A /* Project object */;
}
