// !$*UTF8*$!
{
	archiveVersion = 1;
	classes = {
	};
	objectVersion = 46;
	objects = {

/* Begin PBXBuildFile section */
		2396F5671CC49F7000F7373A /* FPersistency.h in Headers */ = {isa = PBXBuildFile; fileRef = 2396F5661CC49F7000F7373A /* FPersistency.h */; settings = {ATTRIBUTES = (Public, ); }; };
		2396F56E1CC49F7000F7373A /* FPersistency.framework in Frameworks */ = {isa = PBXBuildFile; fileRef = 2396F5631CC49F7000F7373A /* FPersistency.framework */; };
		2396F5731CC49F7000F7373A /* FPersistencyTests.swift in Sources */ = {isa = PBXBuildFile; fileRef = 2396F5721CC49F7000F7373A /* FPersistencyTests.swift */; };
/* End PBXBuildFile section */

/* Begin PBXContainerItemProxy section */
		2396F56F1CC49F7000F7373A /* PBXContainerItemProxy */ = {
			isa = PBXContainerItemProxy;
			containerPortal = 2396F55A1CC49F7000F7373A /* Project object */;
			proxyType = 1;
			remoteGlobalIDString = 2396F5621CC49F7000F7373A;
			remoteInfo = FPersistency;
		};
/* End PBXContainerItemProxy section */

/* Begin PBXFileReference section */
		2396F5631CC49F7000F7373A /* FPersistency.framework */ = {isa = PBXFileReference; explicitFileType = wrapper.framework; includeInIndex = 0; path = FPersistency.framework; sourceTree = BUILT_PRODUCTS_DIR; };
		2396F5661CC49F7000F7373A /* FPersistency.h */ = {isa = PBXFileReference; lastKnownFileType = sourcecode.c.h; path = FPersistency.h; sourceTree = "<group>"; };
		2396F5681CC49F7000F7373A /* Info.plist */ = {isa = PBXFileReference; lastKnownFileType = text.plist.xml; path = Info.plist; sourceTree = "<group>"; };
		2396F56D1CC49F7000F7373A /* FPersistencyTests.xctest */ = {isa = PBXFileReference; explicitFileType = wrapper.cfbundle; includeInIndex = 0; path = FPersistencyTests.xctest; sourceTree = BUILT_PRODUCTS_DIR; };
		2396F5721CC49F7000F7373A /* FPersistencyTests.swift */ = {isa = PBXFileReference; lastKnownFileType = sourcecode.swift; path = FPersistencyTests.swift; sourceTree = "<group>"; };
		2396F5741CC49F7000F7373A /* Info.plist */ = {isa = PBXFileReference; lastKnownFileType = text.plist.xml; path = Info.plist; sourceTree = "<group>"; };
		2396F5A41CC509B900F7373A /* Base.xcconfig */ = {isa = PBXFileReference; lastKnownFileType = text.xcconfig; name = Base.xcconfig; path = ../Config/Base.xcconfig; sourceTree = "<group>"; };
/* End PBXFileReference section */

/* Begin PBXFrameworksBuildPhase section */
		2396F55F1CC49F7000F7373A /* Frameworks */ = {
			isa = PBXFrameworksBuildPhase;
			buildActionMask = 2147483647;
			files = (
			);
			runOnlyForDeploymentPostprocessing = 0;
		};
		2396F56A1CC49F7000F7373A /* Frameworks */ = {
			isa = PBXFrameworksBuildPhase;
			buildActionMask = 2147483647;
			files = (
				2396F56E1CC49F7000F7373A /* FPersistency.framework in Frameworks */,
			);
			runOnlyForDeploymentPostprocessing = 0;
		};
/* End PBXFrameworksBuildPhase section */

/* Begin PBXGroup section */
		2396F5591CC49F7000F7373A = {
			isa = PBXGroup;
			children = (
				2396F5A31CC509A900F7373A /* Config */,
				2396F5A21CC5099F00F7373A /* Frameworks */,
				2396F5651CC49F7000F7373A /* FPersistency */,
				2396F5711CC49F7000F7373A /* FPersistencyTests */,
				2396F5641CC49F7000F7373A /* Products */,
			);
			sourceTree = "<group>";
		};
		2396F5641CC49F7000F7373A /* Products */ = {
			isa = PBXGroup;
			children = (
				2396F5631CC49F7000F7373A /* FPersistency.framework */,
				2396F56D1CC49F7000F7373A /* FPersistencyTests.xctest */,
			);
			name = Products;
			sourceTree = "<group>";
		};
		2396F5651CC49F7000F7373A /* FPersistency */ = {
			isa = PBXGroup;
			children = (
				2396F5661CC49F7000F7373A /* FPersistency.h */,
				2396F5681CC49F7000F7373A /* Info.plist */,
			);
			path = FPersistency;
			sourceTree = "<group>";
		};
		2396F5711CC49F7000F7373A /* FPersistencyTests */ = {
			isa = PBXGroup;
			children = (
				2396F5721CC49F7000F7373A /* FPersistencyTests.swift */,
				2396F5741CC49F7000F7373A /* Info.plist */,
			);
			path = FPersistencyTests;
			sourceTree = "<group>";
		};
		2396F5A21CC5099F00F7373A /* Frameworks */ = {
			isa = PBXGroup;
			children = (
			);
			name = Frameworks;
			sourceTree = "<group>";
		};
		2396F5A31CC509A900F7373A /* Config */ = {
			isa = PBXGroup;
			children = (
				2396F5A41CC509B900F7373A /* Base.xcconfig */,
			);
			name = Config;
			sourceTree = "<group>";
		};
/* End PBXGroup section */

/* Begin PBXHeadersBuildPhase section */
		2396F5601CC49F7000F7373A /* Headers */ = {
			isa = PBXHeadersBuildPhase;
			buildActionMask = 2147483647;
			files = (
				2396F5671CC49F7000F7373A /* FPersistency.h in Headers */,
			);
			runOnlyForDeploymentPostprocessing = 0;
		};
/* End PBXHeadersBuildPhase section */

/* Begin PBXNativeTarget section */
		2396F5621CC49F7000F7373A /* FPersistency */ = {
			isa = PBXNativeTarget;
			buildConfigurationList = 2396F5771CC49F7000F7373A /* Build configuration list for PBXNativeTarget "FPersistency" */;
			buildPhases = (
				2396F55E1CC49F7000F7373A /* Sources */,
				2396F55F1CC49F7000F7373A /* Frameworks */,
				2396F5601CC49F7000F7373A /* Headers */,
				2396F5611CC49F7000F7373A /* Resources */,
			);
			buildRules = (
			);
			dependencies = (
			);
			name = FPersistency;
			productName = FPersistency;
			productReference = 2396F5631CC49F7000F7373A /* FPersistency.framework */;
			productType = "com.apple.product-type.framework";
		};
		2396F56C1CC49F7000F7373A /* FPersistencyTests */ = {
			isa = PBXNativeTarget;
			buildConfigurationList = 2396F57A1CC49F7000F7373A /* Build configuration list for PBXNativeTarget "FPersistencyTests" */;
			buildPhases = (
				2396F5691CC49F7000F7373A /* Sources */,
				2396F56A1CC49F7000F7373A /* Frameworks */,
				2396F56B1CC49F7000F7373A /* Resources */,
			);
			buildRules = (
			);
			dependencies = (
				2396F5701CC49F7000F7373A /* PBXTargetDependency */,
			);
			name = FPersistencyTests;
			productName = FPersistencyTests;
			productReference = 2396F56D1CC49F7000F7373A /* FPersistencyTests.xctest */;
			productType = "com.apple.product-type.bundle.unit-test";
		};
/* End PBXNativeTarget section */

/* Begin PBXProject section */
		2396F55A1CC49F7000F7373A /* Project object */ = {
			isa = PBXProject;
			attributes = {
				LastSwiftUpdateCheck = 0730;
				LastUpgradeCheck = 0730;
				ORGANIZATIONNAME = com.fop;
				TargetAttributes = {
					2396F5621CC49F7000F7373A = {
						CreatedOnToolsVersion = 7.3;
					};
					2396F56C1CC49F7000F7373A = {
						CreatedOnToolsVersion = 7.3;
					};
				};
			};
			buildConfigurationList = 2396F55D1CC49F7000F7373A /* Build configuration list for PBXProject "FPersistency" */;
			compatibilityVersion = "Xcode 3.2";
			developmentRegion = English;
			hasScannedForEncodings = 0;
			knownRegions = (
				en,
			);
			mainGroup = 2396F5591CC49F7000F7373A;
			productRefGroup = 2396F5641CC49F7000F7373A /* Products */;
			projectDirPath = "";
			projectRoot = "";
			targets = (
				2396F5621CC49F7000F7373A /* FPersistency */,
				2396F56C1CC49F7000F7373A /* FPersistencyTests */,
			);
		};
/* End PBXProject section */

/* Begin PBXResourcesBuildPhase section */
		2396F5611CC49F7000F7373A /* Resources */ = {
			isa = PBXResourcesBuildPhase;
			buildActionMask = 2147483647;
			files = (
			);
			runOnlyForDeploymentPostprocessing = 0;
		};
		2396F56B1CC49F7000F7373A /* Resources */ = {
			isa = PBXResourcesBuildPhase;
			buildActionMask = 2147483647;
			files = (
			);
			runOnlyForDeploymentPostprocessing = 0;
		};
/* End PBXResourcesBuildPhase section */

/* Begin PBXSourcesBuildPhase section */
		2396F55E1CC49F7000F7373A /* Sources */ = {
			isa = PBXSourcesBuildPhase;
			buildActionMask = 2147483647;
			files = (
			);
			runOnlyForDeploymentPostprocessing = 0;
		};
		2396F5691CC49F7000F7373A /* Sources */ = {
			isa = PBXSourcesBuildPhase;
			buildActionMask = 2147483647;
			files = (
				2396F5731CC49F7000F7373A /* FPersistencyTests.swift in Sources */,
			);
			runOnlyForDeploymentPostprocessing = 0;
		};
/* End PBXSourcesBuildPhase section */

/* Begin PBXTargetDependency section */
		2396F5701CC49F7000F7373A /* PBXTargetDependency */ = {
			isa = PBXTargetDependency;
			target = 2396F5621CC49F7000F7373A /* FPersistency */;
			targetProxy = 2396F56F1CC49F7000F7373A /* PBXContainerItemProxy */;
		};
/* End PBXTargetDependency section */

/* Begin XCBuildConfiguration section */
		2396F5751CC49F7000F7373A /* Debug */ = {
			isa = XCBuildConfiguration;
			baseConfigurationReference = 2396F5A41CC509B900F7373A /* Base.xcconfig */;
			buildSettings = {
				ALWAYS_SEARCH_USER_PATHS = NO;
				CLANG_ANALYZER_NONNULL = YES;
				CLANG_CXX_LANGUAGE_STANDARD = "gnu++0x";
				CLANG_CXX_LIBRARY = "libc++";
				CLANG_ENABLE_MODULES = YES;
				CLANG_ENABLE_OBJC_ARC = YES;
				CLANG_WARN_BOOL_CONVERSION = YES;
				CLANG_WARN_CONSTANT_CONVERSION = YES;
				CLANG_WARN_DIRECT_OBJC_ISA_USAGE = YES_ERROR;
				CLANG_WARN_EMPTY_BODY = YES;
				CLANG_WARN_ENUM_CONVERSION = YES;
				CLANG_WARN_INT_CONVERSION = YES;
				CLANG_WARN_OBJC_ROOT_CLASS = YES_ERROR;
				CLANG_WARN_UNREACHABLE_CODE = YES;
				CLANG_WARN__DUPLICATE_METHOD_MATCH = YES;
				"CODE_SIGN_IDENTITY[sdk=iphoneos*]" = "iPhone Developer";
				COPY_PHASE_STRIP = NO;
				CURRENT_PROJECT_VERSION = 1;
				DEBUG_INFORMATION_FORMAT = dwarf;
				ENABLE_STRICT_OBJC_MSGSEND = YES;
				ENABLE_TESTABILITY = YES;
				GCC_C_LANGUAGE_STANDARD = gnu99;
				GCC_DYNAMIC_NO_PIC = NO;
				GCC_NO_COMMON_BLOCKS = YES;
				GCC_OPTIMIZATION_LEVEL = 0;
				GCC_PREPROCESSOR_DEFINITIONS = (
					"DEBUG=1",
					"$(inherited)",
				);
				GCC_WARN_64_TO_32_BIT_CONVERSION = YES;
				GCC_WARN_ABOUT_RETURN_TYPE = YES_ERROR;
				GCC_WARN_UNDECLARED_SELECTOR = YES;
				GCC_WARN_UNINITIALIZED_AUTOS = YES_AGGRESSIVE;
				GCC_WARN_UNUSED_FUNCTION = YES;
				GCC_WARN_UNUSED_VARIABLE = YES;
				IPHONEOS_DEPLOYMENT_TARGET = 9.3;
				MTL_ENABLE_DEBUG_INFO = YES;
				ONLY_ACTIVE_ARCH = YES;
				SDKROOT = iphoneos;
				SWIFT_OPTIMIZATION_LEVEL = "-Onone";
				TARGETED_DEVICE_FAMILY = "1,2";
				VERSIONING_SYSTEM = "apple-generic";
				VERSION_INFO_PREFIX = "";
			};
			name = Debug;
		};
		2396F5761CC49F7000F7373A /* Release */ = {
			isa = XCBuildConfiguration;
			baseConfigurationReference = 2396F5A41CC509B900F7373A /* Base.xcconfig */;
			buildSettings = {
				ALWAYS_SEARCH_USER_PATHS = NO;
				CLANG_ANALYZER_NONNULL = YES;
				CLANG_CXX_LANGUAGE_STANDARD = "gnu++0x";
				CLANG_CXX_LIBRARY = "libc++";
				CLANG_ENABLE_MODULES = YES;
				CLANG_ENABLE_OBJC_ARC = YES;
				CLANG_WARN_BOOL_CONVERSION = YES;
				CLANG_WARN_CONSTANT_CONVERSION = YES;
				CLANG_WARN_DIRECT_OBJC_ISA_USAGE = YES_ERROR;
				CLANG_WARN_EMPTY_BODY = YES;
				CLANG_WARN_ENUM_CONVERSION = YES;
				CLANG_WARN_INT_CONVERSION = YES;
				CLANG_WARN_OBJC_ROOT_CLASS = YES_ERROR;
				CLANG_WARN_UNREACHABLE_CODE = YES;
				CLANG_WARN__DUPLICATE_METHOD_MATCH = YES;
				"CODE_SIGN_IDENTITY[sdk=iphoneos*]" = "iPhone Developer";
				COPY_PHASE_STRIP = NO;
				CURRENT_PROJECT_VERSION = 1;
				DEBUG_INFORMATION_FORMAT = "dwarf-with-dsym";
				ENABLE_NS_ASSERTIONS = NO;
				ENABLE_STRICT_OBJC_MSGSEND = YES;
				GCC_C_LANGUAGE_STANDARD = gnu99;
				GCC_NO_COMMON_BLOCKS = YES;
				GCC_WARN_64_TO_32_BIT_CONVERSION = YES;
				GCC_WARN_ABOUT_RETURN_TYPE = YES_ERROR;
				GCC_WARN_UNDECLARED_SELECTOR = YES;
				GCC_WARN_UNINITIALIZED_AUTOS = YES_AGGRESSIVE;
				GCC_WARN_UNUSED_FUNCTION = YES;
				GCC_WARN_UNUSED_VARIABLE = YES;
				IPHONEOS_DEPLOYMENT_TARGET = 9.3;
				MTL_ENABLE_DEBUG_INFO = NO;
				SDKROOT = iphoneos;
				TARGETED_DEVICE_FAMILY = "1,2";
				VALIDATE_PRODUCT = YES;
				VERSIONING_SYSTEM = "apple-generic";
				VERSION_INFO_PREFIX = "";
			};
			name = Release;
		};
		2396F5781CC49F7000F7373A /* Debug */ = {
			isa = XCBuildConfiguration;
			buildSettings = {
				DEFINES_MODULE = YES;
				DYLIB_COMPATIBILITY_VERSION = 1;
				DYLIB_CURRENT_VERSION = 1;
				DYLIB_INSTALL_NAME_BASE = "@rpath";
				INFOPLIST_FILE = FPersistency/Info.plist;
				INSTALL_PATH = "$(LOCAL_LIBRARY_DIR)/Frameworks";
				LD_RUNPATH_SEARCH_PATHS = "$(inherited) @executable_path/Frameworks @loader_path/Frameworks";
				PRODUCT_BUNDLE_IDENTIFIER = com.fop.FPersistency;
				PRODUCT_NAME = "$(TARGET_NAME)";
				SKIP_INSTALL = YES;
			};
			name = Debug;
		};
		2396F5791CC49F7000F7373A /* Release */ = {
			isa = XCBuildConfiguration;
			buildSettings = {
				DEFINES_MODULE = YES;
				DYLIB_COMPATIBILITY_VERSION = 1;
				DYLIB_CURRENT_VERSION = 1;
				DYLIB_INSTALL_NAME_BASE = "@rpath";
				INFOPLIST_FILE = FPersistency/Info.plist;
				INSTALL_PATH = "$(LOCAL_LIBRARY_DIR)/Frameworks";
				LD_RUNPATH_SEARCH_PATHS = "$(inherited) @executable_path/Frameworks @loader_path/Frameworks";
				PRODUCT_BUNDLE_IDENTIFIER = com.fop.FPersistency;
				PRODUCT_NAME = "$(TARGET_NAME)";
				SKIP_INSTALL = YES;
			};
			name = Release;
		};
		2396F57B1CC49F7000F7373A /* Debug */ = {
			isa = XCBuildConfiguration;
			buildSettings = {
				INFOPLIST_FILE = FPersistencyTests/Info.plist;
				LD_RUNPATH_SEARCH_PATHS = "$(inherited) @executable_path/Frameworks @loader_path/Frameworks";
				PRODUCT_BUNDLE_IDENTIFIER = com.fop.FPersistencyTests;
				PRODUCT_NAME = "$(TARGET_NAME)";
			};
			name = Debug;
		};
		2396F57C1CC49F7000F7373A /* Release */ = {
			isa = XCBuildConfiguration;
			buildSettings = {
				INFOPLIST_FILE = FPersistencyTests/Info.plist;
				LD_RUNPATH_SEARCH_PATHS = "$(inherited) @executable_path/Frameworks @loader_path/Frameworks";
				PRODUCT_BUNDLE_IDENTIFIER = com.fop.FPersistencyTests;
				PRODUCT_NAME = "$(TARGET_NAME)";
			};
			name = Release;
		};
/* End XCBuildConfiguration section */

/* Begin XCConfigurationList section */
		2396F55D1CC49F7000F7373A /* Build configuration list for PBXProject "FPersistency" */ = {
			isa = XCConfigurationList;
			buildConfigurations = (
				2396F5751CC49F7000F7373A /* Debug */,
				2396F5761CC49F7000F7373A /* Release */,
			);
			defaultConfigurationIsVisible = 0;
			defaultConfigurationName = Release;
		};
		2396F5771CC49F7000F7373A /* Build configuration list for PBXNativeTarget "FPersistency" */ = {
			isa = XCConfigurationList;
			buildConfigurations = (
				2396F5781CC49F7000F7373A /* Debug */,
				2396F5791CC49F7000F7373A /* Release */,
			);
			defaultConfigurationIsVisible = 0;
			defaultConfigurationName = Release;
		};
		2396F57A1CC49F7000F7373A /* Build configuration list for PBXNativeTarget "FPersistencyTests" */ = {
			isa = XCConfigurationList;
			buildConfigurations = (
				2396F57B1CC49F7000F7373A /* Debug */,
				2396F57C1CC49F7000F7373A /* Release */,
			);
			defaultConfigurationIsVisible = 0;
			defaultConfigurationName = Release;
		};
/* End XCConfigurationList section */
	};
	rootObject = 2396F55A1CC49F7000F7373A /* Project object */;
}
